{
  "nodes": {
    "nixpkgs": {
      "locked": {
        "lastModified": 1788400875,
        "narHash": "sha256-v4ZEET1Ah1K9+wMaIwPH/JTQK3MwW/gZC/SyjnlBX74=",
        "rev": "5545adfad2e98de106a5544ca7067e03010410bd",
        "type": "tarball",
        "url": "https://releases.nixos.org/nixpkgs/nixpkgs-26.11pre1066699.5545adfad2e9/nixexprs.tar.xz"
      },
      "original": {
        "id": "nixpkgs",
        "type": "indirect"
      }
    },
    "root": {
      "inputs": {
        "nixpkgs": "nixpkgs"
      }
    }
  },
  "root": "root",
  "version": 7
}
